
Microsoft Visual Studio Solution File, Format Version 12.00
# Visual Studio 15
VisualStudioVersion = 15.0.28010.2048
MinimumVisualStudioVersion = 10.0.40219.1
Project("{9A19103F-16F7-4668-BE54-9A1E7A4F7556}") = "Task01", "Task1\Task01.csproj", "{DF9D698F-7386-4FEB-9489-B45BE0E8E8F1}"
EndProject
Project("{9A19103F-16F7-4668-BE54-9A1E7A4F7556}") = "Task02", "Task2\Task02.csproj", "{DEF2825D-9ED4-408B-9105-CECEF813DA54}"
EndProject
Project("{9A19103F-16F7-4668-BE54-9A1E7A4F7556}") = "Task03", "Task3\Task03.csproj", "{F631539D-2D44-4000-AFE1-285AF6E631F1}"
EndProject
Project("{FAE04EC0-301F-11D3-BF4B-00C04F79EFBC}") = "Task04", "Task4\Task04.csproj", "{8628DD08-8EB9-4F35-A00B-BF58C823DD0E}"
EndProject
Project("{FAE04EC0-301F-11D3-BF4B-00C04F79EFBC}") = "Task05", "Task5\Task05.csproj", "{E0C7BDEE-212E-43D2-A419-EE6908C572E0}"
EndProject
Project("{FAE04EC0-301F-11D3-BF4B-00C04F79EFBC}") = "Task06", "Task06\Task06.csproj", "{657FE9CC-EA30-47EA-8E47-C7D4A7FFD2F8}"
EndProject
Project("{FAE04EC0-301F-11D3-BF4B-00C04F79EFBC}") = "Task07", "Task07\Task07.csproj", "{9130A93F-3BA6-4D08-B2CD-1106A0E59DD9}"
EndProject
Project("{FAE04EC0-301F-11D3-BF4B-00C04F79EFBC}") = "Task08", "Task08\Task08.csproj", "{B8FEF3C8-84BB-42E8-90AD-1DC2BD06AC61}"
EndProject
Project("{FAE04EC0-301F-11D3-BF4B-00C04F79EFBC}") = "Task09", "Task09\Task09.csproj", "{E266C342-FC68-43E3-83BE-2BC49274D91C}"
EndProject
Project("{FAE04EC0-301F-11D3-BF4B-00C04F79EFBC}") = "Task10", "Task10\Task10.csproj", "{52C07542-A07D-42AC-805E-776492CCBCFA}"
EndProject
Project("{FAE04EC0-301F-11D3-BF4B-00C04F79EFBC}") = "Task11", "Task11\Task11.csproj", "{13A56BE7-5E22-4E69-8300-C4E5632875D7}"
EndProject
Global
	GlobalSection(SolutionConfigurationPlatforms) = preSolution
		Debug|Any CPU = Debug|Any CPU
		Release|Any CPU = Release|Any CPU
	EndGlobalSection
	GlobalSection(ProjectConfigurationPlatforms) = postSolution
		{DF9D698F-7386-4FEB-9489-B45BE0E8E8F1}.Debug|Any CPU.ActiveCfg = Debug|Any CPU
		{DF9D698F-7386-4FEB-9489-B45BE0E8E8F1}.Debug|Any CPU.Build.0 = Debug|Any CPU
		{DF9D698F-7386-4FEB-9489-B45BE0E8E8F1}.Release|Any CPU.ActiveCfg = Release|Any CPU
		{DF9D698F-7386-4FEB-9489-B45BE0E8E8F1}.Release|Any CPU.Build.0 = Release|Any CPU
		{DEF2825D-9ED4-408B-9105-CECEF813DA54}.Debug|Any CPU.ActiveCfg = Debug|Any CPU
		{DEF2825D-9ED4-408B-9105-CECEF813DA54}.Debug|Any CPU.Build.0 = Debug|Any CPU
		{DEF2825D-9ED4-408B-9105-CECEF813DA54}.Release|Any CPU.ActiveCfg = Release|Any CPU
		{DEF2825D-9ED4-408B-9105-CECEF813DA54}.Release|Any CPU.Build.0 = Release|Any CPU
		{F631539D-2D44-4000-AFE1-285AF6E631F1}.Debug|Any CPU.ActiveCfg = Debug|Any CPU
		{F631539D-2D44-4000-AFE1-285AF6E631F1}.Debug|Any CPU.Build.0 = Debug|Any CPU
		{F631539D-2D44-4000-AFE1-285AF6E631F1}.Release|Any CPU.ActiveCfg = Release|Any CPU
		{F631539D-2D44-4000-AFE1-285AF6E631F1}.Release|Any CPU.Build.0 = Release|Any CPU
		{8628DD08-8EB9-4F35-A00B-BF58C823DD0E}.Debug|Any CPU.ActiveCfg = Debug|Any CPU
		{8628DD08-8EB9-4F35-A00B-BF58C823DD0E}.Debug|Any CPU.Build.0 = Debug|Any CPU
		{8628DD08-8EB9-4F35-A00B-BF58C823DD0E}.Release|Any CPU.ActiveCfg = Release|Any CPU
		{8628DD08-8EB9-4F35-A00B-BF58C823DD0E}.Release|Any CPU.Build.0 = Release|Any CPU
		{E0C7BDEE-212E-43D2-A419-EE6908C572E0}.Debug|Any CPU.ActiveCfg = Debug|Any CPU
		{E0C7BDEE-212E-43D2-A419-EE6908C572E0}.Debug|Any CPU.Build.0 = Debug|Any CPU
		{E0C7BDEE-212E-43D2-A419-EE6908C572E0}.Release|Any CPU.ActiveCfg = Release|Any CPU
		{E0C7BDEE-212E-43D2-A419-EE6908C572E0}.Release|Any CPU.Build.0 = Release|Any CPU
		{657FE9CC-EA30-47EA-8E47-C7D4A7FFD2F8}.Debug|Any CPU.ActiveCfg = Debug|Any CPU
		{657FE9CC-EA30-47EA-8E47-C7D4A7FFD2F8}.Debug|Any CPU.Build.0 = Debug|Any CPU
		{657FE9CC-EA30-47EA-8E47-C7D4A7FFD2F8}.Release|Any CPU.ActiveCfg = Release|Any CPU
		{657FE9CC-EA30-47EA-8E47-C7D4A7FFD2F8}.Release|Any CPU.Build.0 = Release|Any CPU
		{9130A93F-3BA6-4D08-B2CD-1106A0E59DD9}.Debug|Any CPU.ActiveCfg = Debug|Any CPU
		{9130A93F-3BA6-4D08-B2CD-1106A0E59DD9}.Debug|Any CPU.Build.0 = Debug|Any CPU
		{9130A93F-3BA6-4D08-B2CD-1106A0E59DD9}.Release|Any CPU.ActiveCfg = Release|Any CPU
		{9130A93F-3BA6-4D08-B2CD-1106A0E59DD9}.Release|Any CPU.Build.0 = Release|Any CPU
		{B8FEF3C8-84BB-42E8-90AD-1DC2BD06AC61}.Debug|Any CPU.ActiveCfg = Debug|Any CPU
		{B8FEF3C8-84BB-42E8-90AD-1DC2BD06AC61}.Debug|Any CPU.Build.0 = Debug|Any CPU
		{B8FEF3C8-84BB-42E8-90AD-1DC2BD06AC61}.Release|Any CPU.ActiveCfg = Release|Any CPU
		{B8FEF3C8-84BB-42E8-90AD-1DC2BD06AC61}.Release|Any CPU.Build.0 = Release|Any CPU
		{E266C342-FC68-43E3-83BE-2BC49274D91C}.Debug|Any CPU.ActiveCfg = Debug|Any CPU
		{E266C342-FC68-43E3-83BE-2BC49274D91C}.Debug|Any CPU.Build.0 = Debug|Any CPU
		{E266C342-FC68-43E3-83BE-2BC49274D91C}.Release|Any CPU.ActiveCfg = Release|Any CPU
		{E266C342-FC68-43E3-83BE-2BC49274D91C}.Release|Any CPU.Build.0 = Release|Any CPU
		{52C07542-A07D-42AC-805E-776492CCBCFA}.Debug|Any CPU.ActiveCfg = Debug|Any CPU
		{52C07542-A07D-42AC-805E-776492CCBCFA}.Debug|Any CPU.Build.0 = Debug|Any CPU
		{52C07542-A07D-42AC-805E-776492CCBCFA}.Release|Any CPU.ActiveCfg = Release|Any CPU
		{52C07542-A07D-42AC-805E-776492CCBCFA}.Release|Any CPU.Build.0 = Release|Any CPU
		{13A56BE7-5E22-4E69-8300-C4E5632875D7}.Debug|Any CPU.ActiveCfg = Debug|Any CPU
		{13A56BE7-5E22-4E69-8300-C4E5632875D7}.Debug|Any CPU.Build.0 = Debug|Any CPU
		{13A56BE7-5E22-4E69-8300-C4E5632875D7}.Release|Any CPU.ActiveCfg = Release|Any CPU
		{13A56BE7-5E22-4E69-8300-C4E5632875D7}.Release|Any CPU.Build.0 = Release|Any CPU
	EndGlobalSection
	GlobalSection(SolutionProperties) = preSolution
		HideSolutionNode = FALSE
	EndGlobalSection
	GlobalSection(ExtensibilityGlobals) = postSolution
		SolutionGuid = {B6B0FB32-7208-4C9A-BEF4-0C17094632BD}
	EndGlobalSection
EndGlobal
